
Microsoft Visual Studio Solution File, Format Version 12.00
# Visual Studio Version 17
VisualStudioVersion = 17.12.35527.113
MinimumVisualStudioVersion = 10.0.40219.1
Project("{9A19103F-16F7-4668-BE54-9A1E7A4F7556}") = "TravelManagement", "TravelManagement.csproj", "{1AA4BA90-77B2-4A3E-823D-AF020371FC92}"
EndProject
Global
	GlobalSection(SolutionConfigurationPlatforms) = preSolution
		Debug|Any CPU = Debug|Any CPU
		Release|Any CPU = Release|Any CPU
	EndGlobalSection
	GlobalSection(ProjectConfigurationPlatforms) = postSolution
		{1AA4BA90-77B2-4A3E-823D-AF020371FC92}.Debug|Any CPU.ActiveCfg = Debug|Any CPU
		{1AA4BA90-77B2-4A3E-823D-AF020371FC92}.Debug|Any CPU.Build.0 = Debug|Any CPU
		{1AA4BA90-77B2-4A3E-823D-AF020371FC92}.Release|Any CPU.ActiveCfg = Release|Any CPU
		{1AA4BA90-77B2-4A3E-823D-AF020371FC92}.Release|Any CPU.Build.0 = Release|Any CPU
	EndGlobalSection
	GlobalSection(SolutionProperties) = preSolution
		HideSolutionNode = FALSE
	EndGlobalSection
	GlobalSection(ExtensibilityGlobals) = postSolution
		SolutionGuid = {89CEC32A-FBF4-43EC-98C6-0FE0FC3F9A97}
	EndGlobalSection
EndGlobal
